
Microsoft Visual Studio Solution File, Format Version 12.00
# Visual Studio 15
VisualStudioVersion = 15.0.28307.1169
MinimumVisualStudioVersion = 10.0.40219.1
Project("{FAE04EC0-301F-11D3-BF4B-00C04F79EFBC}") = "ChangeTextFont", "ChangeTextFont.csproj", "{F3D2A828-675B-4382-9C88-DC119EDCBD6F}"
EndProject
Global
	GlobalSection(SolutionConfigurationPlatforms) = preSolution
		Debug|Any CPU = Debug|Any CPU
		Release|Any CPU = Release|Any CPU
	EndGlobalSection
	GlobalSection(ProjectConfigurationPlatforms) = postSolution
		{F3D2A828-675B-4382-9C88-DC119EDCBD6F}.Debug|Any CPU.ActiveCfg = Debug|Any CPU
		{F3D2A828-675B-4382-9C88-DC119EDCBD6F}.Debug|Any CPU.Build.0 = Debug|Any CPU
		{F3D2A828-675B-4382-9C88-DC119EDCBD6F}.Release|Any CPU.ActiveCfg = Release|Any CPU
		{F3D2A828-675B-4382-9C88-DC119EDCBD6F}.Release|Any CPU.Build.0 = Release|Any CPU
	EndGlobalSection
	GlobalSection(SolutionProperties) = preSolution
		HideSolutionNode = FALSE
	EndGlobalSection
	GlobalSection(ExtensibilityGlobals) = postSolution
		SolutionGuid = {DCB3B612-CAAB-4374-81A4-CD1FBD5FA9F7}
	EndGlobalSection
EndGlobal
